
Microsoft Visual Studio Solution File, Format Version 12.00
# Visual Studio 2013
VisualStudioVersion = 12.0.21005.1
MinimumVisualStudioVersion = 10.0.40219.1
Project("{F14B399A-7131-4C87-9E4B-1186C45EF12D}") = "Report Project1", "Report Project1\Report Project1.rptproj", "{0F7C14AF-A3CA-4EAC-8EC3-C2612109DEAA}"
EndProject
Global
	GlobalSection(SolutionConfigurationPlatforms) = preSolution
		Debug|Default = Debug|Default
		DebugLocal|Default = DebugLocal|Default
		Release|Default = Release|Default
	EndGlobalSection
	GlobalSection(ProjectConfigurationPlatforms) = postSolution
		{0F7C14AF-A3CA-4EAC-8EC3-C2612109DEAA}.Debug|Default.ActiveCfg = Debug
		{0F7C14AF-A3CA-4EAC-8EC3-C2612109DEAA}.Debug|Default.Build.0 = Debug
		{0F7C14AF-A3CA-4EAC-8EC3-C2612109DEAA}.Debug|Default.Deploy.0 = Debug
		{0F7C14AF-A3CA-4EAC-8EC3-C2612109DEAA}.DebugLocal|Default.ActiveCfg = DebugLocal
		{0F7C14AF-A3CA-4EAC-8EC3-C2612109DEAA}.DebugLocal|Default.Build.0 = DebugLocal
		{0F7C14AF-A3CA-4EAC-8EC3-C2612109DEAA}.Release|Default.ActiveCfg = Release
		{0F7C14AF-A3CA-4EAC-8EC3-C2612109DEAA}.Release|Default.Build.0 = Release
		{0F7C14AF-A3CA-4EAC-8EC3-C2612109DEAA}.Release|Default.Deploy.0 = Release
	EndGlobalSection
	GlobalSection(SolutionProperties) = preSolution
		HideSolutionNode = FALSE
	EndGlobalSection
EndGlobal
